
Microsoft Visual Studio Solution File, Format Version 12.00
# Visual Studio Version 17
VisualStudioVersion = 17.3.32922.545
MinimumVisualStudioVersion = 10.0.40219.1
Project("{9A19103F-16F7-4668-BE54-9A1E7A4F7556}") = "ustmdevelopers", "ustmdevelopers.csproj", "{6BC9567B-7FA8-4650-BDE9-8304A31B32BA}"
EndProject
Global
	GlobalSection(SolutionConfigurationPlatforms) = preSolution
		Debug|Any CPU = Debug|Any CPU
		Release|Any CPU = Release|Any CPU
	EndGlobalSection
	GlobalSection(ProjectConfigurationPlatforms) = postSolution
		{6BC9567B-7FA8-4650-BDE9-8304A31B32BA}.Debug|Any CPU.ActiveCfg = Debug|Any CPU
		{6BC9567B-7FA8-4650-BDE9-8304A31B32BA}.Debug|Any CPU.Build.0 = Debug|Any CPU
		{6BC9567B-7FA8-4650-BDE9-8304A31B32BA}.Release|Any CPU.ActiveCfg = Release|Any CPU
		{6BC9567B-7FA8-4650-BDE9-8304A31B32BA}.Release|Any CPU.Build.0 = Release|Any CPU
	EndGlobalSection
	GlobalSection(SolutionProperties) = preSolution
		HideSolutionNode = FALSE
	EndGlobalSection
	GlobalSection(ExtensibilityGlobals) = postSolution
		SolutionGuid = {CFAFD4A8-65B1-4FE0-B380-3499C991D142}
	EndGlobalSection
EndGlobal
